
Microsoft Visual Studio Solution File, Format Version 12.00
# Visual Studio 2012
Project("{f2a71f9b-5d33-465a-a702-920d77279786}") = "FsMath3D", "FsMath3D\FsMath3D.fsproj", "{398F91EC-CA81-4001-92BB-5C34EAE6F9A4}"
EndProject
Global
	GlobalSection(SolutionConfigurationPlatforms) = preSolution
		Debug|Any CPU = Debug|Any CPU
		Release|Any CPU = Release|Any CPU
	EndGlobalSection
	GlobalSection(ProjectConfigurationPlatforms) = postSolution
		{398F91EC-CA81-4001-92BB-5C34EAE6F9A4}.Debug|Any CPU.ActiveCfg = Debug|Any CPU
		{398F91EC-CA81-4001-92BB-5C34EAE6F9A4}.Debug|Any CPU.Build.0 = Debug|Any CPU
		{398F91EC-CA81-4001-92BB-5C34EAE6F9A4}.Release|Any CPU.ActiveCfg = Release|Any CPU
		{398F91EC-CA81-4001-92BB-5C34EAE6F9A4}.Release|Any CPU.Build.0 = Release|Any CPU
	EndGlobalSection
EndGlobal
